
Microsoft Visual Studio Solution File, Format Version 11.00
# Visual Studio 2010
Project("{FAE04EC0-301F-11D3-BF4B-00C04F79EFBC}") = "ViCore", "Core\ViCore.csproj", "{CC318016-8CA8-4044-8312-E2E9C90CAE10}"
EndProject
Project("{FAE04EC0-301F-11D3-BF4B-00C04F79EFBC}") = "ViData", "Data\ViData.csproj", "{9469EDA3-885D-46F0-9B1A-F73C4AA265DF}"
EndProject
Global
	GlobalSection(SolutionConfigurationPlatforms) = preSolution
		Debug|Any CPU = Debug|Any CPU
		Debug|Mixed Platforms = Debug|Mixed Platforms
		Debug|x86 = Debug|x86
		Release|Any CPU = Release|Any CPU
		Release|Mixed Platforms = Release|Mixed Platforms
		Release|x86 = Release|x86
	EndGlobalSection
	GlobalSection(ProjectConfigurationPlatforms) = postSolution
		{CC318016-8CA8-4044-8312-E2E9C90CAE10}.Debug|Any CPU.ActiveCfg = Debug|Any CPU
		{CC318016-8CA8-4044-8312-E2E9C90CAE10}.Debug|Any CPU.Build.0 = Debug|Any CPU
		{CC318016-8CA8-4044-8312-E2E9C90CAE10}.Debug|Mixed Platforms.ActiveCfg = Release|Any CPU
		{CC318016-8CA8-4044-8312-E2E9C90CAE10}.Debug|Mixed Platforms.Build.0 = Release|Any CPU
		{CC318016-8CA8-4044-8312-E2E9C90CAE10}.Debug|x86.ActiveCfg = Debug|Any CPU
		{CC318016-8CA8-4044-8312-E2E9C90CAE10}.Release|Any CPU.ActiveCfg = Release|Any CPU
		{CC318016-8CA8-4044-8312-E2E9C90CAE10}.Release|Any CPU.Build.0 = Release|Any CPU
		{CC318016-8CA8-4044-8312-E2E9C90CAE10}.Release|Mixed Platforms.ActiveCfg = Release|Any CPU
		{CC318016-8CA8-4044-8312-E2E9C90CAE10}.Release|Mixed Platforms.Build.0 = Release|Any CPU
		{CC318016-8CA8-4044-8312-E2E9C90CAE10}.Release|x86.ActiveCfg = Release|Any CPU
		{9469EDA3-885D-46F0-9B1A-F73C4AA265DF}.Debug|Any CPU.ActiveCfg = Debug|Any CPU
		{9469EDA3-885D-46F0-9B1A-F73C4AA265DF}.Debug|Any CPU.Build.0 = Debug|Any CPU
		{9469EDA3-885D-46F0-9B1A-F73C4AA265DF}.Debug|Mixed Platforms.ActiveCfg = Release|Any CPU
		{9469EDA3-885D-46F0-9B1A-F73C4AA265DF}.Debug|Mixed Platforms.Build.0 = Release|Any CPU
		{9469EDA3-885D-46F0-9B1A-F73C4AA265DF}.Debug|x86.ActiveCfg = Debug|Any CPU
		{9469EDA3-885D-46F0-9B1A-F73C4AA265DF}.Release|Any CPU.ActiveCfg = Release|Any CPU
		{9469EDA3-885D-46F0-9B1A-F73C4AA265DF}.Release|Any CPU.Build.0 = Release|Any CPU
		{9469EDA3-885D-46F0-9B1A-F73C4AA265DF}.Release|Mixed Platforms.ActiveCfg = Release|Any CPU
		{9469EDA3-885D-46F0-9B1A-F73C4AA265DF}.Release|Mixed Platforms.Build.0 = Release|Any CPU
		{9469EDA3-885D-46F0-9B1A-F73C4AA265DF}.Release|x86.ActiveCfg = Release|Any CPU
	EndGlobalSection
	GlobalSection(SolutionProperties) = preSolution
		HideSolutionNode = FALSE
	EndGlobalSection
EndGlobal
